// !$*UTF8*$!
{
	archiveVersion = 1;
	classes = {
	};
	objectVersion = 51;
	objects = {

/* Begin PBXBuildFile section */
		42665343260F435A00424211 /* CommentCell.swift in Sources */ = {isa = PBXBuildFile; fileRef = 42665342260F435A00424211 /* CommentCell.swift */; };
		42B581AE2606701000D8F888 /* AppDelegate.swift in Sources */ = {isa = PBXBuildFile; fileRef = 42B581AD2606701000D8F888 /* AppDelegate.swift */; };
		42B581B02606701000D8F888 /* SceneDelegate.swift in Sources */ = {isa = PBXBuildFile; fileRef = 42B581AF2606701000D8F888 /* SceneDelegate.swift */; };
		42B581B52606701000D8F888 /* Main.storyboard in Resources */ = {isa = PBXBuildFile; fileRef = 42B581B32606701000D8F888 /* Main.storyboard */; };
		42B581B72606701400D8F888 /* Assets.xcassets in Resources */ = {isa = PBXBuildFile; fileRef = 42B581B62606701400D8F888 /* Assets.xcassets */; };
		42B581BA2606701400D8F888 /* LaunchScreen.storyboard in Resources */ = {isa = PBXBuildFile; fileRef = 42B581B82606701400D8F888 /* LaunchScreen.storyboard */; };
		42B581C52606701400D8F888 /* ParstagramTests.swift in Sources */ = {isa = PBXBuildFile; fileRef = 42B581C42606701400D8F888 /* ParstagramTests.swift */; };
		42B581D02606701400D8F888 /* ParstagramUITests.swift in Sources */ = {isa = PBXBuildFile; fileRef = 42B581CF2606701400D8F888 /* ParstagramUITests.swift */; };
		42B581ED260671A400D8F888 /* LoginViewController.swift in Sources */ = {isa = PBXBuildFile; fileRef = 42B581EC260671A400D8F888 /* LoginViewController.swift */; };
		42B581F2260671B400D8F888 /* FeedViewController.swift in Sources */ = {isa = PBXBuildFile; fileRef = 42B581F1260671B400D8F888 /* FeedViewController.swift */; };
		42B581F7260687C200D8F888 /* CameraViewController.swift in Sources */ = {isa = PBXBuildFile; fileRef = 42B581F6260687C200D8F888 /* CameraViewController.swift */; };
		42B582072606B40600D8F888 /* PostCell.swift in Sources */ = {isa = PBXBuildFile; fileRef = 42B582062606B40600D8F888 /* PostCell.swift */; };
		955FB2A4E6B0E8DB1496C118 /* Pods_ParstagramTests.framework in Frameworks */ = {isa = PBXBuildFile; fileRef = 1346AAB9BE1E376464F24F77 /* Pods_ParstagramTests.framework */; };
		A4F2D60182EF4BCC1C51325B /* Pods_Parstagram.framework in Frameworks */ = {isa = PBXBuildFile; fileRef = 90DCDBABCEC9E05EA4C36AEA /* Pods_Parstagram.framework */; };
		D284B5ED1DE1C2FE2B393BB1 /* Pods_Parstagram_ParstagramUITests.framework in Frameworks */ = {isa = PBXBuildFile; fileRef = F07B3A0ED4E98683D32DC35B /* Pods_Parstagram_ParstagramUITests.framework */; };
/* End PBXBuildFile section */

/* Begin PBXContainerItemProxy section */
		42B581C12606701400D8F888 /* PBXContainerItemProxy */ = {
			isa = PBXContainerItemProxy;
			containerPortal = 42B581A22606701000D8F888 /* Project object */;
			proxyType = 1;
			remoteGlobalIDString = 42B581A92606701000D8F888;
			remoteInfo = Parstagram;
		};
		42B581CC2606701400D8F888 /* PBXContainerItemProxy */ = {
			isa = PBXContainerItemProxy;
			containerPortal = 42B581A22606701000D8F888 /* Project object */;
			proxyType = 1;
			remoteGlobalIDString = 42B581A92606701000D8F888;
			remoteInfo = Parstagram;
		};
/* End PBXContainerItemProxy section */

/* Begin PBXFileReference section */
		09E90E76E787DB127265E261 /* Pods-ParstagramTests.release.xcconfig */ = {isa = PBXFileReference; includeInIndex = 1; lastKnownFileType = text.xcconfig; name = "Pods-ParstagramTests.release.xcconfig"; path = "Target Support Files/Pods-ParstagramTests/Pods-ParstagramTests.release.xcconfig"; sourceTree = "<group>"; };
		1346AAB9BE1E376464F24F77 /* Pods_ParstagramTests.framework */ = {isa = PBXFileReference; explicitFileType = wrapper.framework; includeInIndex = 0; path = Pods_ParstagramTests.framework; sourceTree = BUILT_PRODUCTS_DIR; };
		3C4B72F2A5C5EFF6D123DB01 /* Pods-ParstagramTests.debug.xcconfig */ = {isa = PBXFileReference; includeInIndex = 1; lastKnownFileType = text.xcconfig; name = "Pods-ParstagramTests.debug.xcconfig"; path = "Target Support Files/Pods-ParstagramTests/Pods-ParstagramTests.debug.xcconfig"; sourceTree = "<group>"; };
		42665342260F435A00424211 /* CommentCell.swift */ = {isa = PBXFileReference; lastKnownFileType = sourcecode.swift; path = CommentCell.swift; sourceTree = "<group>"; };
		42B581AA2606701000D8F888 /* Parstagram.app */ = {isa = PBXFileReference; explicitFileType = wrapper.application; includeInIndex = 0; path = Parstagram.app; sourceTree = BUILT_PRODUCTS_DIR; };
		42B581AD2606701000D8F888 /* AppDelegate.swift */ = {isa = PBXFileReference; lastKnownFileType = sourcecode.swift; path = AppDelegate.swift; sourceTree = "<group>"; };
		42B581AF2606701000D8F888 /* SceneDelegate.swift */ = {isa = PBXFileReference; lastKnownFileType = sourcecode.swift; path = SceneDelegate.swift; sourceTree = "<group>"; };
		42B581B42606701000D8F888 /* Base */ = {isa = PBXFileReference; lastKnownFileType = file.storyboard; name = Base; path = Base.lproj/Main.storyboard; sourceTree = "<group>"; };
		42B581B62606701400D8F888 /* Assets.xcassets */ = {isa = PBXFileReference; lastKnownFileType = folder.assetcatalog; path = Assets.xcassets; sourceTree = "<group>"; };
		42B581B92606701400D8F888 /* Base */ = {isa = PBXFileReference; lastKnownFileType = file.storyboard; name = Base; path = Base.lproj/LaunchScreen.storyboard; sourceTree = "<group>"; };
		42B581BB2606701400D8F888 /* Info.plist */ = {isa = PBXFileReference; lastKnownFileType = text.plist.xml; path = Info.plist; sourceTree = "<group>"; };
		42B581C02606701400D8F888 /* ParstagramTests.xctest */ = {isa = PBXFileReference; explicitFileType = wrapper.cfbundle; includeInIndex = 0; path = ParstagramTests.xctest; sourceTree = BUILT_PRODUCTS_DIR; };
		42B581C42606701400D8F888 /* ParstagramTests.swift */ = {isa = PBXFileReference; lastKnownFileType = sourcecode.swift; path = ParstagramTests.swift; sourceTree = "<group>"; };
		42B581C62606701400D8F888 /* Info.plist */ = {isa = PBXFileReference; lastKnownFileType = text.plist.xml; path = Info.plist; sourceTree = "<group>"; };
		42B581CB2606701400D8F888 /* ParstagramUITests.xctest */ = {isa = PBXFileReference; explicitFileType = wrapper.cfbundle; includeInIndex = 0; path = ParstagramUITests.xctest; sourceTree = BUILT_PRODUCTS_DIR; };
		42B581CF2606701400D8F888 /* ParstagramUITests.swift */ = {isa = PBXFileReference; lastKnownFileType = sourcecode.swift; path = ParstagramUITests.swift; sourceTree = "<group>"; };
		42B581D12606701400D8F888 /* Info.plist */ = {isa = PBXFileReference; lastKnownFileType = text.plist.xml; path = Info.plist; sourceTree = "<group>"; };
		42B581EC260671A400D8F888 /* LoginViewController.swift */ = {isa = PBXFileReference; lastKnownFileType = sourcecode.swift; path = LoginViewController.swift; sourceTree = "<group>"; };
		42B581F1260671B400D8F888 /* FeedViewController.swift */ = {isa = PBXFileReference; lastKnownFileType = sourcecode.swift; path = FeedViewController.swift; sourceTree = "<group>"; };
		42B581F6260687C200D8F888 /* CameraViewController.swift */ = {isa = PBXFileReference; lastKnownFileType = sourcecode.swift; path = CameraViewController.swift; sourceTree = "<group>"; };
		42B582062606B40600D8F888 /* PostCell.swift */ = {isa = PBXFileReference; lastKnownFileType = sourcecode.swift; path = PostCell.swift; sourceTree = "<group>"; };
		90DCDBABCEC9E05EA4C36AEA /* Pods_Parstagram.framework */ = {isa = PBXFileReference; explicitFileType = wrapper.framework; includeInIndex = 0; path = Pods_Parstagram.framework; sourceTree = BUILT_PRODUCTS_DIR; };
		A7DD9CAC0E8B83EA1288F4EB /* Pods-Parstagram-ParstagramUITests.release.xcconfig */ = {isa = PBXFileReference; includeInIndex = 1; lastKnownFileType = text.xcconfig; name = "Pods-Parstagram-ParstagramUITests.release.xcconfig"; path = "Target Support Files/Pods-Parstagram-ParstagramUITests/Pods-Parstagram-ParstagramUITests.release.xcconfig"; sourceTree = "<group>"; };
		A9FA6698ADBCA3FBE4B7F176 /* Pods-Parstagram-ParstagramUITests.debug.xcconfig */ = {isa = PBXFileReference; includeInIndex = 1; lastKnownFileType = text.xcconfig; name = "Pods-Parstagram-ParstagramUITests.debug.xcconfig"; path = "Target Support Files/Pods-Parstagram-ParstagramUITests/Pods-Parstagram-ParstagramUITests.debug.xcconfig"; sourceTree = "<group>"; };
		C71934D58C45F3FFC4936FAC /* Pods-Parstagram.release.xcconfig */ = {isa = PBXFileReference; includeInIndex = 1; lastKnownFileType = text.xcconfig; name = "Pods-Parstagram.release.xcconfig"; path = "Target Support Files/Pods-Parstagram/Pods-Parstagram.release.xcconfig"; sourceTree = "<group>"; };
		C8553F483DBD4BEDB91FBC81 /* Pods-Parstagram.debug.xcconfig */ = {isa = PBXFileReference; includeInIndex = 1; lastKnownFileType = text.xcconfig; name = "Pods-Parstagram.debug.xcconfig"; path = "Target Support Files/Pods-Parstagram/Pods-Parstagram.debug.xcconfig"; sourceTree = "<group>"; };
		F07B3A0ED4E98683D32DC35B /* Pods_Parstagram_ParstagramUITests.framework */ = {isa = PBXFileReference; explicitFileType = wrapper.framework; includeInIndex = 0; path = Pods_Parstagram_ParstagramUITests.framework; sourceTree = BUILT_PRODUCTS_DIR; };
/* End PBXFileReference section */

/* Begin PBXFrameworksBuildPhase section */
		42B581A72606701000D8F888 /* Frameworks */ = {
			isa = PBXFrameworksBuildPhase;
			buildActionMask = 2147483647;
			files = (
				A4F2D60182EF4BCC1C51325B /* Pods_Parstagram.framework in Frameworks */,
			);
			runOnlyForDeploymentPostprocessing = 0;
		};
		42B581BD2606701400D8F888 /* Frameworks */ = {
			isa = PBXFrameworksBuildPhase;
			buildActionMask = 2147483647;
			files = (
				955FB2A4E6B0E8DB1496C118 /* Pods_ParstagramTests.framework in Frameworks */,
			);
			runOnlyForDeploymentPostprocessing = 0;
		};
		42B581C82606701400D8F888 /* Frameworks */ = {
			isa = PBXFrameworksBuildPhase;
			buildActionMask = 2147483647;
			files = (
				D284B5ED1DE1C2FE2B393BB1 /* Pods_Parstagram_ParstagramUITests.framework in Frameworks */,
			);
			runOnlyForDeploymentPostprocessing = 0;
		};
/* End PBXFrameworksBuildPhase section */

/* Begin PBXGroup section */
		42B581A12606701000D8F888 = {
			isa = PBXGroup;
			children = (
				42B581AC2606701000D8F888 /* Parstagram */,
				42B581C32606701400D8F888 /* ParstagramTests */,
				42B581CE2606701400D8F888 /* ParstagramUITests */,
				42B581AB2606701000D8F888 /* Products */,
				55EBD132A40D6624D431F69E /* Pods */,
				CD8182037ADCC7D2E71A5229 /* Frameworks */,
			);
			sourceTree = "<group>";
		};
		42B581AB2606701000D8F888 /* Products */ = {
			isa = PBXGroup;
			children = (
				42B581AA2606701000D8F888 /* Parstagram.app */,
				42B581C02606701400D8F888 /* ParstagramTests.xctest */,
				42B581CB2606701400D8F888 /* ParstagramUITests.xctest */,
			);
			name = Products;
			sourceTree = "<group>";
		};
		42B581AC2606701000D8F888 /* Parstagram */ = {
			isa = PBXGroup;
			children = (
				42B581AD2606701000D8F888 /* AppDelegate.swift */,
				42B581AF2606701000D8F888 /* SceneDelegate.swift */,
				42B581B32606701000D8F888 /* Main.storyboard */,
				42B581B62606701400D8F888 /* Assets.xcassets */,
				42B581B82606701400D8F888 /* LaunchScreen.storyboard */,
				42B581BB2606701400D8F888 /* Info.plist */,
				42B581EC260671A400D8F888 /* LoginViewController.swift */,
				42B581F1260671B400D8F888 /* FeedViewController.swift */,
				42B581F6260687C200D8F888 /* CameraViewController.swift */,
				42B582062606B40600D8F888 /* PostCell.swift */,
				42665342260F435A00424211 /* CommentCell.swift */,
			);
			path = Parstagram;
			sourceTree = "<group>";
		};
		42B581C32606701400D8F888 /* ParstagramTests */ = {
			isa = PBXGroup;
			children = (
				42B581C42606701400D8F888 /* ParstagramTests.swift */,
				42B581C62606701400D8F888 /* Info.plist */,
			);
			path = ParstagramTests;
			sourceTree = "<group>";
		};
		42B581CE2606701400D8F888 /* ParstagramUITests */ = {
			isa = PBXGroup;
			children = (
				42B581CF2606701400D8F888 /* ParstagramUITests.swift */,
				42B581D12606701400D8F888 /* Info.plist */,
			);
			path = ParstagramUITests;
			sourceTree = "<group>";
		};
		55EBD132A40D6624D431F69E /* Pods */ = {
			isa = PBXGroup;
			children = (
				C8553F483DBD4BEDB91FBC81 /* Pods-Parstagram.debug.xcconfig */,
				C71934D58C45F3FFC4936FAC /* Pods-Parstagram.release.xcconfig */,
				A9FA6698ADBCA3FBE4B7F176 /* Pods-Parstagram-ParstagramUITests.debug.xcconfig */,
				A7DD9CAC0E8B83EA1288F4EB /* Pods-Parstagram-ParstagramUITests.release.xcconfig */,
				3C4B72F2A5C5EFF6D123DB01 /* Pods-ParstagramTests.debug.xcconfig */,
				09E90E76E787DB127265E261 /* Pods-ParstagramTests.release.xcconfig */,
			);
			path = Pods;
			sourceTree = "<group>";
		};
		CD8182037ADCC7D2E71A5229 /* Frameworks */ = {
			isa = PBXGroup;
			children = (
				90DCDBABCEC9E05EA4C36AEA /* Pods_Parstagram.framework */,
				F07B3A0ED4E98683D32DC35B /* Pods_Parstagram_ParstagramUITests.framework */,
				1346AAB9BE1E376464F24F77 /* Pods_ParstagramTests.framework */,
			);
			name = Frameworks;
			sourceTree = "<group>";
		};
/* End PBXGroup section */

/* Begin PBXNativeTarget section */
		42B581A92606701000D8F888 /* Parstagram */ = {
			isa = PBXNativeTarget;
			buildConfigurationList = 42B581D42606701400D8F888 /* Build configuration list for PBXNativeTarget "Parstagram" */;
			buildPhases = (
				8355DC01103CF4893AFF87EB /* [CP] Check Pods Manifest.lock */,
				42B581A62606701000D8F888 /* Sources */,
				42B581A72606701000D8F888 /* Frameworks */,
				42B581A82606701000D8F888 /* Resources */,
				38040126F521D83301009752 /* [CP] Embed Pods Frameworks */,
			);
			buildRules = (
			);
			dependencies = (
			);
			name = Parstagram;
			productName = Parstagram;
			productReference = 42B581AA2606701000D8F888 /* Parstagram.app */;
			productType = "com.apple.product-type.application";
		};
		42B581BF2606701400D8F888 /* ParstagramTests */ = {
			isa = PBXNativeTarget;
			buildConfigurationList = 42B581D72606701400D8F888 /* Build configuration list for PBXNativeTarget "ParstagramTests" */;
			buildPhases = (
				F3B862F7E964753F8DB542E0 /* [CP] Check Pods Manifest.lock */,
				42B581BC2606701400D8F888 /* Sources */,
				42B581BD2606701400D8F888 /* Frameworks */,
				42B581BE2606701400D8F888 /* Resources */,
			);
			buildRules = (
			);
			dependencies = (
				42B581C22606701400D8F888 /* PBXTargetDependency */,
			);
			name = ParstagramTests;
			productName = ParstagramTests;
			productReference = 42B581C02606701400D8F888 /* ParstagramTests.xctest */;
			productType = "com.apple.product-type.bundle.unit-test";
		};
		42B581CA2606701400D8F888 /* ParstagramUITests */ = {
			isa = PBXNativeTarget;
			buildConfigurationList = 42B581DA2606701400D8F888 /* Build configuration list for PBXNativeTarget "ParstagramUITests" */;
			buildPhases = (
				42D23729C11CD1A09C38223D /* [CP] Check Pods Manifest.lock */,
				42B581C72606701400D8F888 /* Sources */,
				42B581C82606701400D8F888 /* Frameworks */,
				42B581C92606701400D8F888 /* Resources */,
				1F710C45681583342461E618 /* [CP] Embed Pods Frameworks */,
			);
			buildRules = (
			);
			dependencies = (
				42B581CD2606701400D8F888 /* PBXTargetDependency */,
			);
			name = ParstagramUITests;
			productName = ParstagramUITests;
			productReference = 42B581CB2606701400D8F888 /* ParstagramUITests.xctest */;
			productType = "com.apple.product-type.bundle.ui-testing";
		};
/* End PBXNativeTarget section */

/* Begin PBXProject section */
		42B581A22606701000D8F888 /* Project object */ = {
			isa = PBXProject;
			attributes = {
				LastSwiftUpdateCheck = 1220;
				LastUpgradeCheck = 1220;
				TargetAttributes = {
					42B581A92606701000D8F888 = {
						CreatedOnToolsVersion = 12.2;
					};
					42B581BF2606701400D8F888 = {
						CreatedOnToolsVersion = 12.2;
						TestTargetID = 42B581A92606701000D8F888;
					};
					42B581CA2606701400D8F888 = {
						CreatedOnToolsVersion = 12.2;
						TestTargetID = 42B581A92606701000D8F888;
					};
				};
			};
			buildConfigurationList = 42B581A52606701000D8F888 /* Build configuration list for PBXProject "Parstagram" */;
			compatibilityVersion = "Xcode 9.3";
			developmentRegion = en;
			hasScannedForEncodings = 0;
			knownRegions = (
				en,
				Base,
			);
			mainGroup = 42B581A12606701000D8F888;
			productRefGroup = 42B581AB2606701000D8F888 /* Products */;
			projectDirPath = "";
			projectRoot = "";
			targets = (
				42B581A92606701000D8F888 /* Parstagram */,
				42B581BF2606701400D8F888 /* ParstagramTests */,
				42B581CA2606701400D8F888 /* ParstagramUITests */,
			);
		};
/* End PBXProject section */

/* Begin PBXResourcesBuildPhase section */
		42B581A82606701000D8F888 /* Resources */ = {
			isa = PBXResourcesBuildPhase;
			buildActionMask = 2147483647;
			files = (
				42B581BA2606701400D8F888 /* LaunchScreen.storyboard in Resources */,
				42B581B72606701400D8F888 /* Assets.xcassets in Resources */,
				42B581B52606701000D8F888 /* Main.storyboard in Resources */,
			);
			runOnlyForDeploymentPostprocessing = 0;
		};
		42B581BE2606701400D8F888 /* Resources */ = {
			isa = PBXResourcesBuildPhase;
			buildActionMask = 2147483647;
			files = (
			);
			runOnlyForDeploymentPostprocessing = 0;
		};
		42B581C92606701400D8F888 /* Resources */ = {
			isa = PBXResourcesBuildPhase;
			buildActionMask = 2147483647;
			files = (
			);
			runOnlyForDeploymentPostprocessing = 0;
		};
/* End PBXResourcesBuildPhase section */

/* Begin PBXShellScriptBuildPhase section */
		1F710C45681583342461E618 /* [CP] Embed Pods Frameworks */ = {
			isa = PBXShellScriptBuildPhase;
			buildActionMask = 2147483647;
			files = (
			);
			inputFileListPaths = (
				"${PODS_ROOT}/Target Support Files/Pods-Parstagram-ParstagramUITests/Pods-Parstagram-ParstagramUITests-frameworks-${CONFIGURATION}-input-files.xcfilelist",
			);
			name = "[CP] Embed Pods Frameworks";
			outputFileListPaths = (
				"${PODS_ROOT}/Target Support Files/Pods-Parstagram-ParstagramUITests/Pods-Parstagram-ParstagramUITests-frameworks-${CONFIGURATION}-output-files.xcfilelist",
			);
			runOnlyForDeploymentPostprocessing = 0;
			shellPath = /bin/sh;
			shellScript = "\"${PODS_ROOT}/Target Support Files/Pods-Parstagram-ParstagramUITests/Pods-Parstagram-ParstagramUITests-frameworks.sh\"\n";
			showEnvVarsInLog = 0;
		};
		38040126F521D83301009752 /* [CP] Embed Pods Frameworks */ = {
			isa = PBXShellScriptBuildPhase;
			buildActionMask = 2147483647;
			files = (
			);
			inputFileListPaths = (
				"${PODS_ROOT}/Target Support Files/Pods-Parstagram/Pods-Parstagram-frameworks-${CONFIGURATION}-input-files.xcfilelist",
			);
			name = "[CP] Embed Pods Frameworks";
			outputFileListPaths = (
				"${PODS_ROOT}/Target Support Files/Pods-Parstagram/Pods-Parstagram-frameworks-${CONFIGURATION}-output-files.xcfilelist",
			);
			runOnlyForDeploymentPostprocessing = 0;
			shellPath = /bin/sh;
			shellScript = "\"${PODS_ROOT}/Target Support Files/Pods-Parstagram/Pods-Parstagram-frameworks.sh\"\n";
			showEnvVarsInLog = 0;
		};
		42D23729C11CD1A09C38223D /* [CP] Check Pods Manifest.lock */ = {
			isa = PBXShellScriptBuildPhase;
			buildActionMask = 2147483647;
			files = (
			);
			inputFileListPaths = (
			);
			inputPaths = (
				"${PODS_PODFILE_DIR_PATH}/Podfile.lock",
				"${PODS_ROOT}/Manifest.lock",
			);
			name = "[CP] Check Pods Manifest.lock";
			outputFileListPaths = (
			);
			outputPaths = (
				"$(DERIVED_FILE_DIR)/Pods-Parstagram-ParstagramUITests-checkManifestLockResult.txt",
			);
			runOnlyForDeploymentPostprocessing = 0;
			shellPath = /bin/sh;
			shellScript = "diff \"${PODS_PODFILE_DIR_PATH}/Podfile.lock\" \"${PODS_ROOT}/Manifest.lock\" > /dev/null\nif [ $? != 0 ] ; then\n    # print error to STDERR\n    echo \"error: The sandbox is not in sync with the Podfile.lock. Run 'pod install' or update your CocoaPods installation.\" >&2\n    exit 1\nfi\n# This output is used by Xcode 'outputs' to avoid re-running this script phase.\necho \"SUCCESS\" > \"${SCRIPT_OUTPUT_FILE_0}\"\n";
			showEnvVarsInLog = 0;
		};
		8355DC01103CF4893AFF87EB /* [CP] Check Pods Manifest.lock */ = {
			isa = PBXShellScriptBuildPhase;
			buildActionMask = 2147483647;
			files = (
			);
			inputFileListPaths = (
			);
			inputPaths = (
				"${PODS_PODFILE_DIR_PATH}/Podfile.lock",
				"${PODS_ROOT}/Manifest.lock",
			);
			name = "[CP] Check Pods Manifest.lock";
			outputFileListPaths = (
			);
			outputPaths = (
				"$(DERIVED_FILE_DIR)/Pods-Parstagram-checkManifestLockResult.txt",
			);
			runOnlyForDeploymentPostprocessing = 0;
			shellPath = /bin/sh;
			shellScript = "diff \"${PODS_PODFILE_DIR_PATH}/Podfile.lock\" \"${PODS_ROOT}/Manifest.lock\" > /dev/null\nif [ $? != 0 ] ; then\n    # print error to STDERR\n    echo \"error: The sandbox is not in sync with the Podfile.lock. Run 'pod install' or update your CocoaPods installation.\" >&2\n    exit 1\nfi\n# This output is used by Xcode 'outputs' to avoid re-running this script phase.\necho \"SUCCESS\" > \"${SCRIPT_OUTPUT_FILE_0}\"\n";
			showEnvVarsInLog = 0;
		};
		F3B862F7E964753F8DB542E0 /* [CP] Check Pods Manifest.lock */ = {
			isa = PBXShellScriptBuildPhase;
			buildActionMask = 2147483647;
			files = (
			);
			inputFileListPaths = (
			);
			inputPaths = (
				"${PODS_PODFILE_DIR_PATH}/Podfile.lock",
				"${PODS_ROOT}/Manifest.lock",
			);
			name = "[CP] Check Pods Manifest.lock";
			outputFileListPaths = (
			);
			outputPaths = (
				"$(DERIVED_FILE_DIR)/Pods-ParstagramTests-checkManifestLockResult.txt",
			);
			runOnlyForDeploymentPostprocessing = 0;
			shellPath = /bin/sh;
			shellScript = "diff \"${PODS_PODFILE_DIR_PATH}/Podfile.lock\" \"${PODS_ROOT}/Manifest.lock\" > /dev/null\nif [ $? != 0 ] ; then\n    # print error to STDERR\n    echo \"error: The sandbox is not in sync with the Podfile.lock. Run 'pod install' or update your CocoaPods installation.\" >&2\n    exit 1\nfi\n# This output is used by Xcode 'outputs' to avoid re-running this script phase.\necho \"SUCCESS\" > \"${SCRIPT_OUTPUT_FILE_0}\"\n";
			showEnvVarsInLog = 0;
		};
/* End PBXShellScriptBuildPhase section */

/* Begin PBXSourcesBuildPhase section */
		42B581A62606701000D8F888 /* Sources */ = {
			isa = PBXSourcesBuildPhase;
			buildActionMask = 2147483647;
			files = (
				42B581ED260671A400D8F888 /* LoginViewController.swift in Sources */,
				42B581F7260687C200D8F888 /* CameraViewController.swift in Sources */,
				42B581AE2606701000D8F888 /* AppDelegate.swift in Sources */,
				42B581F2260671B400D8F888 /* FeedViewController.swift in Sources */,
				42B581B02606701000D8F888 /* SceneDelegate.swift in Sources */,
				42B582072606B40600D8F888 /* PostCell.swift in Sources */,
				42665343260F435A00424211 /* CommentCell.swift in Sources */,
			);
			runOnlyForDeploymentPostprocessing = 0;
		};
		42B581BC2606701400D8F888 /* Sources */ = {
			isa = PBXSourcesBuildPhase;
			buildActionMask = 2147483647;
			files = (
				42B581C52606701400D8F888 /* ParstagramTests.swift in Sources */,
			);
			runOnlyForDeploymentPostprocessing = 0;
		};
		42B581C72606701400D8F888 /* Sources */ = {
			isa = PBXSourcesBuildPhase;
			buildActionMask = 2147483647;
			files = (
				42B581D02606701400D8F888 /* ParstagramUITests.swift in Sources */,
			);
			runOnlyForDeploymentPostprocessing = 0;
		};
/* End PBXSourcesBuildPhase section */

/* Begin PBXTargetDependency section */
		42B581C22606701400D8F888 /* PBXTargetDependency */ = {
			isa = PBXTargetDependency;
			target = 42B581A92606701000D8F888 /* Parstagram */;
			targetProxy = 42B581C12606701400D8F888 /* PBXContainerItemProxy */;
		};
		42B581CD2606701400D8F888 /* PBXTargetDependency */ = {
			isa = PBXTargetDependency;
			target = 42B581A92606701000D8F888 /* Parstagram */;
			targetProxy = 42B581CC2606701400D8F888 /* PBXContainerItemProxy */;
		};
/* End PBXTargetDependency section */

/* Begin PBXVariantGroup section */
		42B581B32606701000D8F888 /* Main.storyboard */ = {
			isa = PBXVariantGroup;
			children = (
				42B581B42606701000D8F888 /* Base */,
			);
			name = Main.storyboard;
			sourceTree = "<group>";
		};
		42B581B82606701400D8F888 /* LaunchScreen.storyboard */ = {
			isa = PBXVariantGroup;
			children = (
				42B581B92606701400D8F888 /* Base */,
			);
			name = LaunchScreen.storyboard;
			sourceTree = "<group>";
		};
/* End PBXVariantGroup section */

/* Begin XCBuildConfiguration section */
		42B581D22606701400D8F888 /* Debug */ = {
			isa = XCBuildConfiguration;
			buildSettings = {
				ALWAYS_SEARCH_USER_PATHS = NO;
				CLANG_ANALYZER_NONNULL = YES;
				CLANG_ANALYZER_NUMBER_OBJECT_CONVERSION = YES_AGGRESSIVE;
				CLANG_CXX_LANGUAGE_STANDARD = "gnu++14";
				CLANG_CXX_LIBRARY = "libc++";
				CLANG_ENABLE_MODULES = YES;
				CLANG_ENABLE_OBJC_ARC = YES;
				CLANG_ENABLE_OBJC_WEAK = YES;
				CLANG_WARN_BLOCK_CAPTURE_AUTORELEASING = YES;
				CLANG_WARN_BOOL_CONVERSION = YES;
				CLANG_WARN_COMMA = YES;
				CLANG_WARN_CONSTANT_CONVERSION = YES;
				CLANG_WARN_DEPRECATED_OBJC_IMPLEMENTATIONS = YES;
				CLANG_WARN_DIRECT_OBJC_ISA_USAGE = YES_ERROR;
				CLANG_WARN_DOCUMENTATION_COMMENTS = YES;
				CLANG_WARN_EMPTY_BODY = YES;
				CLANG_WARN_ENUM_CONVERSION = YES;
				CLANG_WARN_INFINITE_RECURSION = YES;
				CLANG_WARN_INT_CONVERSION = YES;
				CLANG_WARN_NON_LITERAL_NULL_CONVERSION = YES;
				CLANG_WARN_OBJC_IMPLICIT_RETAIN_SELF = YES;
				CLANG_WARN_OBJC_LITERAL_CONVERSION = YES;
				CLANG_WARN_OBJC_ROOT_CLASS = YES_ERROR;
				CLANG_WARN_QUOTED_INCLUDE_IN_FRAMEWORK_HEADER = YES;
				CLANG_WARN_RANGE_LOOP_ANALYSIS = YES;
				CLANG_WARN_STRICT_PROTOTYPES = YES;
				CLANG_WARN_SUSPICIOUS_MOVE = YES;
				CLANG_WARN_UNGUARDED_AVAILABILITY = YES_AGGRESSIVE;
				CLANG_WARN_UNREACHABLE_CODE = YES;
				CLANG_WARN__DUPLICATE_METHOD_MATCH = YES;
				COPY_PHASE_STRIP = NO;
				DEBUG_INFORMATION_FORMAT = dwarf;
				ENABLE_STRICT_OBJC_MSGSEND = YES;
				ENABLE_TESTABILITY = YES;
				GCC_C_LANGUAGE_STANDARD = gnu11;
				GCC_DYNAMIC_NO_PIC = NO;
				GCC_NO_COMMON_BLOCKS = YES;
				GCC_OPTIMIZATION_LEVEL = 0;
				GCC_PREPROCESSOR_DEFINITIONS = (
					"DEBUG=1",
					"$(inherited)",
				);
				GCC_WARN_64_TO_32_BIT_CONVERSION = YES;
				GCC_WARN_ABOUT_RETURN_TYPE = YES_ERROR;
				GCC_WARN_UNDECLARED_SELECTOR = YES;
				GCC_WARN_UNINITIALIZED_AUTOS = YES_AGGRESSIVE;
				GCC_WARN_UNUSED_FUNCTION = YES;
				GCC_WARN_UNUSED_VARIABLE = YES;
				IPHONEOS_DEPLOYMENT_TARGET = 14.2;
				MTL_ENABLE_DEBUG_INFO = INCLUDE_SOURCE;
				MTL_FAST_MATH = YES;
				ONLY_ACTIVE_ARCH = YES;
				SDKROOT = iphoneos;
				SWIFT_ACTIVE_COMPILATION_CONDITIONS = DEBUG;
				SWIFT_OPTIMIZATION_LEVEL = "-Onone";
			};
			name = Debug;
		};
		42B581D32606701400D8F888 /* Release */ = {
			isa = XCBuildConfiguration;
			buildSettings = {
				ALWAYS_SEARCH_USER_PATHS = NO;
				CLANG_ANALYZER_NONNULL = YES;
				CLANG_ANALYZER_NUMBER_OBJECT_CONVERSION = YES_AGGRESSIVE;
				CLANG_CXX_LANGUAGE_STANDARD = "gnu++14";
				CLANG_CXX_LIBRARY = "libc++";
				CLANG_ENABLE_MODULES = YES;
				CLANG_ENABLE_OBJC_ARC = YES;
				CLANG_ENABLE_OBJC_WEAK = YES;
				CLANG_WARN_BLOCK_CAPTURE_AUTORELEASING = YES;
				CLANG_WARN_BOOL_CONVERSION = YES;
				CLANG_WARN_COMMA = YES;
				CLANG_WARN_CONSTANT_CONVERSION = YES;
				CLANG_WARN_DEPRECATED_OBJC_IMPLEMENTATIONS = YES;
				CLANG_WARN_DIRECT_OBJC_ISA_USAGE = YES_ERROR;
				CLANG_WARN_DOCUMENTATION_COMMENTS = YES;
				CLANG_WARN_EMPTY_BODY = YES;
				CLANG_WARN_ENUM_CONVERSION = YES;
				CLANG_WARN_INFINITE_RECURSION = YES;
				CLANG_WARN_INT_CONVERSION = YES;
				CLANG_WARN_NON_LITERAL_NULL_CONVERSION = YES;
				CLANG_WARN_OBJC_IMPLICIT_RETAIN_SELF = YES;
				CLANG_WARN_OBJC_LITERAL_CONVERSION = YES;
				CLANG_WARN_OBJC_ROOT_CLASS = YES_ERROR;
				CLANG_WARN_QUOTED_INCLUDE_IN_FRAMEWORK_HEADER = YES;
				CLANG_WARN_RANGE_LOOP_ANALYSIS = YES;
				CLANG_WARN_STRICT_PROTOTYPES = YES;
				CLANG_WARN_SUSPICIOUS_MOVE = YES;
				CLANG_WARN_UNGUARDED_AVAILABILITY = YES_AGGRESSIVE;
				CLANG_WARN_UNREACHABLE_CODE = YES;
				CLANG_WARN__DUPLICATE_METHOD_MATCH = YES;
				COPY_PHASE_STRIP = NO;
				DEBUG_INFORMATION_FORMAT = "dwarf-with-dsym";
				ENABLE_NS_ASSERTIONS = NO;
				ENABLE_STRICT_OBJC_MSGSEND = YES;
				GCC_C_LANGUAGE_STANDARD = gnu11;
				GCC_NO_COMMON_BLOCKS = YES;
				GCC_WARN_64_TO_32_BIT_CONVERSION = YES;
				GCC_WARN_ABOUT_RETURN_TYPE = YES_ERROR;
				GCC_WARN_UNDECLARED_SELECTOR = YES;
				GCC_WARN_UNINITIALIZED_AUTOS = YES_AGGRESSIVE;
				GCC_WARN_UNUSED_FUNCTION = YES;
				GCC_WARN_UNUSED_VARIABLE = YES;
				IPHONEOS_DEPLOYMENT_TARGET = 14.2;
				MTL_ENABLE_DEBUG_INFO = NO;
				MTL_FAST_MATH = YES;
				SDKROOT = iphoneos;
				SWIFT_COMPILATION_MODE = wholemodule;
				SWIFT_OPTIMIZATION_LEVEL = "-O";
				VALIDATE_PRODUCT = YES;
			};
			name = Release;
		};
		42B581D52606701400D8F888 /* Debug */ = {
			isa = XCBuildConfiguration;
			baseConfigurationReference = C8553F483DBD4BEDB91FBC81 /* Pods-Parstagram.debug.xcconfig */;
			buildSettings = {
				ASSETCATALOG_COMPILER_APPICON_NAME = AppIcon;
				ASSETCATALOG_COMPILER_GLOBAL_ACCENT_COLOR_NAME = AccentColor;
				CODE_SIGN_STYLE = Automatic;
				INFOPLIST_FILE = Parstagram/Info.plist;
				LD_RUNPATH_SEARCH_PATHS = (
					"$(inherited)",
					"@executable_path/Frameworks",
				);
				PRODUCT_BUNDLE_IDENTIFIER = samikshakature.Parstagram;
				PRODUCT_NAME = "$(TARGET_NAME)";
				SWIFT_VERSION = 5.0;
				TARGETED_DEVICE_FAMILY = "1,2";
			};
			name = Debug;
		};
		42B581D62606701400D8F888 /* Release */ = {
			isa = XCBuildConfiguration;
			baseConfigurationReference = C71934D58C45F3FFC4936FAC /* Pods-Parstagram.release.xcconfig */;
			buildSettings = {
				ASSETCATALOG_COMPILER_APPICON_NAME = AppIcon;
				ASSETCATALOG_COMPILER_GLOBAL_ACCENT_COLOR_NAME = AccentColor;
				CODE_SIGN_STYLE = Automatic;
				INFOPLIST_FILE = Parstagram/Info.plist;
				LD_RUNPATH_SEARCH_PATHS = (
					"$(inherited)",
					"@executable_path/Frameworks",
				);
				PRODUCT_BUNDLE_IDENTIFIER = samikshakature.Parstagram;
				PRODUCT_NAME = "$(TARGET_NAME)";
				SWIFT_VERSION = 5.0;
				TARGETED_DEVICE_FAMILY = "1,2";
			};
			name = Release;
		};
		42B581D82606701400D8F888 /* Debug */ = {
			isa = XCBuildConfiguration;
			baseConfigurationReference = 3C4B72F2A5C5EFF6D123DB01 /* Pods-ParstagramTests.debug.xcconfig */;
			buildSettings = {
				ALWAYS_EMBED_SWIFT_STANDARD_LIBRARIES = YES;
				BUNDLE_LOADER = "$(TEST_HOST)";
				CODE_SIGN_STYLE = Automatic;
				INFOPLIST_FILE = ParstagramTests/Info.plist;
				IPHONEOS_DEPLOYMENT_TARGET = 14.2;
				LD_RUNPATH_SEARCH_PATHS = (
					"$(inherited)",
					"@executable_path/Frameworks",
					"@loader_path/Frameworks",
				);
				PRODUCT_BUNDLE_IDENTIFIER = samikshakature.ParstagramTests;
				PRODUCT_NAME = "$(TARGET_NAME)";
				SWIFT_VERSION = 5.0;
				TARGETED_DEVICE_FAMILY = "1,2";
				TEST_HOST = "$(BUILT_PRODUCTS_DIR)/Parstagram.app/Parstagram";
			};
			name = Debug;
		};
		42B581D92606701400D8F888 /* Release */ = {
			isa = XCBuildConfiguration;
			baseConfigurationReference = 09E90E76E787DB127265E261 /* Pods-ParstagramTests.release.xcconfig */;
			buildSettings = {
				ALWAYS_EMBED_SWIFT_STANDARD_LIBRARIES = YES;
				BUNDLE_LOADER = "$(TEST_HOST)";
				CODE_SIGN_STYLE = Automatic;
				INFOPLIST_FILE = ParstagramTests/Info.plist;
				IPHONEOS_DEPLOYMENT_TARGET = 14.2;
				LD_RUNPATH_SEARCH_PATHS = (
					"$(inherited)",
					"@executable_path/Frameworks",
					"@loader_path/Frameworks",
				);
				PRODUCT_BUNDLE_IDENTIFIER = samikshakature.ParstagramTests;
				PRODUCT_NAME = "$(TARGET_NAME)";
				SWIFT_VERSION = 5.0;
				TARGETED_DEVICE_FAMILY = "1,2";
				TEST_HOST = "$(BUILT_PRODUCTS_DIR)/Parstagram.app/Parstagram";
			};
			name = Release;
		};
		42B581DB2606701400D8F888 /* Debug */ = {
			isa = XCBuildConfiguration;
			baseConfigurationReference = A9FA6698ADBCA3FBE4B7F176 /* Pods-Parstagram-ParstagramUITests.debug.xcconfig */;
			buildSettings = {
				ALWAYS_EMBED_SWIFT_STANDARD_LIBRARIES = YES;
				CODE_SIGN_STYLE = Automatic;
				INFOPLIST_FILE = ParstagramUITests/Info.plist;
				LD_RUNPATH_SEARCH_PATHS = (
					"$(inherited)",
					"@executable_path/Frameworks",
					"@loader_path/Frameworks",
				);
				PRODUCT_BUNDLE_IDENTIFIER = samikshakature.ParstagramUITests;
				PRODUCT_NAME = "$(TARGET_NAME)";
				SWIFT_VERSION = 5.0;
				TARGETED_DEVICE_FAMILY = "1,2";
				TEST_TARGET_NAME = Parstagram;
			};
			name = Debug;
		};
		42B581DC2606701400D8F888 /* Release */ = {
			isa = XCBuildConfiguration;
			baseConfigurationReference = A7DD9CAC0E8B83EA1288F4EB /* Pods-Parstagram-ParstagramUITests.release.xcconfig */;
			buildSettings = {
				ALWAYS_EMBED_SWIFT_STANDARD_LIBRARIES = YES;
				CODE_SIGN_STYLE = Automatic;
				INFOPLIST_FILE = ParstagramUITests/Info.plist;
				LD_RUNPATH_SEARCH_PATHS = (
					"$(inherited)",
					"@executable_path/Frameworks",
					"@loader_path/Frameworks",
				);
				PRODUCT_BUNDLE_IDENTIFIER = samikshakature.ParstagramUITests;
				PRODUCT_NAME = "$(TARGET_NAME)";
				SWIFT_VERSION = 5.0;
				TARGETED_DEVICE_FAMILY = "1,2";
				TEST_TARGET_NAME = Parstagram;
			};
			name = Release;
		};
/* End XCBuildConfiguration section */

/* Begin XCConfigurationList section */
		42B581A52606701000D8F888 /* Build configuration list for PBXProject "Parstagram" */ = {
			isa = XCConfigurationList;
			buildConfigurations = (
				42B581D22606701400D8F888 /* Debug */,
				42B581D32606701400D8F888 /* Release */,
			);
			defaultConfigurationIsVisible = 0;
			defaultConfigurationName = Release;
		};
		42B581D42606701400D8F888 /* Build configuration list for PBXNativeTarget "Parstagram" */ = {
			isa = XCConfigurationList;
			buildConfigurations = (
				42B581D52606701400D8F888 /* Debug */,
				42B581D62606701400D8F888 /* Release */,
			);
			defaultConfigurationIsVisible = 0;
			defaultConfigurationName = Release;
		};
		42B581D72606701400D8F888 /* Build configuration list for PBXNativeTarget "ParstagramTests" */ = {
			isa = XCConfigurationList;
			buildConfigurations = (
				42B581D82606701400D8F888 /* Debug */,
				42B581D92606701400D8F888 /* Release */,
			);
			defaultConfigurationIsVisible = 0;
			defaultConfigurationName = Release;
		};
		42B581DA2606701400D8F888 /* Build configuration list for PBXNativeTarget "ParstagramUITests" */ = {
			isa = XCConfigurationList;
			buildConfigurations = (
				42B581DB2606701400D8F888 /* Debug */,
				42B581DC2606701400D8F888 /* Release */,
			);
			defaultConfigurationIsVisible = 0;
			defaultConfigurationName = Release;
		};
/* End XCConfigurationList section */
	};
	rootObject = 42B581A22606701000D8F888 /* Project object */;
}
